
Microsoft Visual Studio Solution File, Format Version 12.00
# Visual Studio Version 16
VisualStudioVersion = 16.0.30621.155
MinimumVisualStudioVersion = 10.0.40219.1
Project("{FAE04EC0-301F-11D3-BF4B-00C04F79EFBC}") = "EMPLOI DU TEMPS IHM", "EMPLOI DU TEMPS IHM\EMPLOI DU TEMPS IHM.csproj", "{CC9BF403-9703-4BB4-ABFE-303BB6CF1C62}"
EndProject
Global
	GlobalSection(SolutionConfigurationPlatforms) = preSolution
		Debug|Any CPU = Debug|Any CPU
		Release|Any CPU = Release|Any CPU
	EndGlobalSection
	GlobalSection(ProjectConfigurationPlatforms) = postSolution
		{CC9BF403-9703-4BB4-ABFE-303BB6CF1C62}.Debug|Any CPU.ActiveCfg = Debug|Any CPU
		{CC9BF403-9703-4BB4-ABFE-303BB6CF1C62}.Debug|Any CPU.Build.0 = Debug|Any CPU
		{CC9BF403-9703-4BB4-ABFE-303BB6CF1C62}.Release|Any CPU.ActiveCfg = Release|Any CPU
		{CC9BF403-9703-4BB4-ABFE-303BB6CF1C62}.Release|Any CPU.Build.0 = Release|Any CPU
	EndGlobalSection
	GlobalSection(SolutionProperties) = preSolution
		HideSolutionNode = FALSE
	EndGlobalSection
	GlobalSection(ExtensibilityGlobals) = postSolution
		SolutionGuid = {B7E5861D-DFB5-4F92-A87D-97E08DBE7C64}
	EndGlobalSection
EndGlobal
